
Microsoft Visual Studio Solution File, Format Version 12.00
# Visual Studio Version 16
VisualStudioVersion = 16.0.30114.105
MinimumVisualStudioVersion = 10.0.40219.1
Project("{2150E333-8FDC-42A3-9474-1A3956D46DE8}") = "src", "src", "{0A4D6C26-DF8B-46E7-9459-61E1A2583692}"
EndProject
Project("{FAE04EC0-301F-11D3-BF4B-00C04F79EFBC}") = "commandAPI", "src\commandAPI\commandAPI.csproj", "{E0B85AAB-BAD8-4528-A07A-DB782E843092}"
EndProject
Project("{2150E333-8FDC-42A3-9474-1A3956D46DE8}") = "test", "test", "{F88E4D0B-32F1-4E8E-8A1C-FF0705B08061}"
EndProject
Project("{FAE04EC0-301F-11D3-BF4B-00C04F79EFBC}") = "CommandAPI.Tests", "test\CommandAPI.Tests\CommandAPI.Tests.csproj", "{4F2EEA6F-0251-485E-9D80-ABEC4C682DD6}"
EndProject
Global
	GlobalSection(SolutionConfigurationPlatforms) = preSolution
		Debug|Any CPU = Debug|Any CPU
		Debug|x64 = Debug|x64
		Debug|x86 = Debug|x86
		Release|Any CPU = Release|Any CPU
		Release|x64 = Release|x64
		Release|x86 = Release|x86
	EndGlobalSection
	GlobalSection(SolutionProperties) = preSolution
		HideSolutionNode = FALSE
	EndGlobalSection
	GlobalSection(ProjectConfigurationPlatforms) = postSolution
		{E0B85AAB-BAD8-4528-A07A-DB782E843092}.Debug|Any CPU.ActiveCfg = Debug|Any CPU
		{E0B85AAB-BAD8-4528-A07A-DB782E843092}.Debug|Any CPU.Build.0 = Debug|Any CPU
		{E0B85AAB-BAD8-4528-A07A-DB782E843092}.Debug|x64.ActiveCfg = Debug|Any CPU
		{E0B85AAB-BAD8-4528-A07A-DB782E843092}.Debug|x64.Build.0 = Debug|Any CPU
		{E0B85AAB-BAD8-4528-A07A-DB782E843092}.Debug|x86.ActiveCfg = Debug|Any CPU
		{E0B85AAB-BAD8-4528-A07A-DB782E843092}.Debug|x86.Build.0 = Debug|Any CPU
		{E0B85AAB-BAD8-4528-A07A-DB782E843092}.Release|Any CPU.ActiveCfg = Release|Any CPU
		{E0B85AAB-BAD8-4528-A07A-DB782E843092}.Release|Any CPU.Build.0 = Release|Any CPU
		{E0B85AAB-BAD8-4528-A07A-DB782E843092}.Release|x64.ActiveCfg = Release|Any CPU
		{E0B85AAB-BAD8-4528-A07A-DB782E843092}.Release|x64.Build.0 = Release|Any CPU
		{E0B85AAB-BAD8-4528-A07A-DB782E843092}.Release|x86.ActiveCfg = Release|Any CPU
		{E0B85AAB-BAD8-4528-A07A-DB782E843092}.Release|x86.Build.0 = Release|Any CPU
		{4F2EEA6F-0251-485E-9D80-ABEC4C682DD6}.Debug|Any CPU.ActiveCfg = Debug|Any CPU
		{4F2EEA6F-0251-485E-9D80-ABEC4C682DD6}.Debug|Any CPU.Build.0 = Debug|Any CPU
		{4F2EEA6F-0251-485E-9D80-ABEC4C682DD6}.Debug|x64.ActiveCfg = Debug|Any CPU
		{4F2EEA6F-0251-485E-9D80-ABEC4C682DD6}.Debug|x64.Build.0 = Debug|Any CPU
		{4F2EEA6F-0251-485E-9D80-ABEC4C682DD6}.Debug|x86.ActiveCfg = Debug|Any CPU
		{4F2EEA6F-0251-485E-9D80-ABEC4C682DD6}.Debug|x86.Build.0 = Debug|Any CPU
		{4F2EEA6F-0251-485E-9D80-ABEC4C682DD6}.Release|Any CPU.ActiveCfg = Release|Any CPU
		{4F2EEA6F-0251-485E-9D80-ABEC4C682DD6}.Release|Any CPU.Build.0 = Release|Any CPU
		{4F2EEA6F-0251-485E-9D80-ABEC4C682DD6}.Release|x64.ActiveCfg = Release|Any CPU
		{4F2EEA6F-0251-485E-9D80-ABEC4C682DD6}.Release|x64.Build.0 = Release|Any CPU
		{4F2EEA6F-0251-485E-9D80-ABEC4C682DD6}.Release|x86.ActiveCfg = Release|Any CPU
		{4F2EEA6F-0251-485E-9D80-ABEC4C682DD6}.Release|x86.Build.0 = Release|Any CPU
	EndGlobalSection
	GlobalSection(NestedProjects) = preSolution
		{E0B85AAB-BAD8-4528-A07A-DB782E843092} = {0A4D6C26-DF8B-46E7-9459-61E1A2583692}
		{4F2EEA6F-0251-485E-9D80-ABEC4C682DD6} = {F88E4D0B-32F1-4E8E-8A1C-FF0705B08061}
	EndGlobalSection
EndGlobal
